// !$*UTF8*$!
{
	archiveVersion = 1;
	classes = {
	};
	objectVersion = 50;
	objects = {

/* Begin PBXBuildFile section */
		DA22AF0A2573C005004B33A7 /* AppDelegate.swift in Sources */ = {isa = PBXBuildFile; fileRef = DA22AF092573C005004B33A7 /* AppDelegate.swift */; };
		DA22AF0C2573C005004B33A7 /* SceneDelegate.swift in Sources */ = {isa = PBXBuildFile; fileRef = DA22AF0B2573C005004B33A7 /* SceneDelegate.swift */; };
		DA22AF0E2573C005004B33A7 /* ToDoListViewController.swift in Sources */ = {isa = PBXBuildFile; fileRef = DA22AF0D2573C005004B33A7 /* ToDoListViewController.swift */; };
		DA22AF112573C005004B33A7 /* Main.storyboard in Resources */ = {isa = PBXBuildFile; fileRef = DA22AF0F2573C005004B33A7 /* Main.storyboard */; };
		DA22AF132573C008004B33A7 /* Assets.xcassets in Resources */ = {isa = PBXBuildFile; fileRef = DA22AF122573C008004B33A7 /* Assets.xcassets */; };
		DA22AF162573C008004B33A7 /* LaunchScreen.storyboard in Resources */ = {isa = PBXBuildFile; fileRef = DA22AF142573C008004B33A7 /* LaunchScreen.storyboard */; };
		DA22AF1F2573C8CE004B33A7 /* ToDoItemCell.swift in Sources */ = {isa = PBXBuildFile; fileRef = DA22AF1E2573C8CE004B33A7 /* ToDoItemCell.swift */; };
		DA4173EB257564D100E560B4 /* TodoeyCoreData.xcdatamodeld in Sources */ = {isa = PBXBuildFile; fileRef = DA4173E9257564D100E560B4 /* TodoeyCoreData.xcdatamodeld */; };
		DAC7AF43257579F500172C6D /* Default-568h@2x.png in Resources */ = {isa = PBXBuildFile; fileRef = DAC7AF42257579F500172C6D /* Default-568h@2x.png */; };
		DAE93C13257745C200EA8447 /* CategoryViewController.swift in Sources */ = {isa = PBXBuildFile; fileRef = DAE93C12257745C200EA8447 /* CategoryViewController.swift */; };
		DAE93C152577465A00EA8447 /* CategoryViewCell.swift in Sources */ = {isa = PBXBuildFile; fileRef = DAE93C142577465A00EA8447 /* CategoryViewCell.swift */; };
/* End PBXBuildFile section */

/* Begin PBXFileReference section */
		DA22AF062573C005004B33A7 /* Todoey.app */ = {isa = PBXFileReference; explicitFileType = wrapper.application; includeInIndex = 0; path = Todoey.app; sourceTree = BUILT_PRODUCTS_DIR; };
		DA22AF092573C005004B33A7 /* AppDelegate.swift */ = {isa = PBXFileReference; lastKnownFileType = sourcecode.swift; path = AppDelegate.swift; sourceTree = "<group>"; };
		DA22AF0B2573C005004B33A7 /* SceneDelegate.swift */ = {isa = PBXFileReference; lastKnownFileType = sourcecode.swift; path = SceneDelegate.swift; sourceTree = "<group>"; };
		DA22AF0D2573C005004B33A7 /* ToDoListViewController.swift */ = {isa = PBXFileReference; lastKnownFileType = sourcecode.swift; path = ToDoListViewController.swift; sourceTree = "<group>"; };
		DA22AF102573C005004B33A7 /* Base */ = {isa = PBXFileReference; lastKnownFileType = file.storyboard; name = Base; path = Base.lproj/Main.storyboard; sourceTree = "<group>"; };
		DA22AF122573C008004B33A7 /* Assets.xcassets */ = {isa = PBXFileReference; lastKnownFileType = folder.assetcatalog; path = Assets.xcassets; sourceTree = "<group>"; };
		DA22AF152573C008004B33A7 /* Base */ = {isa = PBXFileReference; lastKnownFileType = file.storyboard; name = Base; path = Base.lproj/LaunchScreen.storyboard; sourceTree = "<group>"; };
		DA22AF1E2573C8CE004B33A7 /* ToDoItemCell.swift */ = {isa = PBXFileReference; lastKnownFileType = sourcecode.swift; path = ToDoItemCell.swift; sourceTree = "<group>"; };
		DA4173EA257564D100E560B4 /* TodoeyCoreData.xcdatamodel */ = {isa = PBXFileReference; lastKnownFileType = wrapper.xcdatamodel; path = TodoeyCoreData.xcdatamodel; sourceTree = "<group>"; };
		DAC7AF42257579F500172C6D /* Default-568h@2x.png */ = {isa = PBXFileReference; lastKnownFileType = image.png; path = "Default-568h@2x.png"; sourceTree = "<group>"; };
		DAC7AF4425757AA800172C6D /* Info.plist */ = {isa = PBXFileReference; fileEncoding = 4; lastKnownFileType = text.plist.xml; path = Info.plist; sourceTree = "<group>"; };
		DAE93C12257745C200EA8447 /* CategoryViewController.swift */ = {isa = PBXFileReference; lastKnownFileType = sourcecode.swift; path = CategoryViewController.swift; sourceTree = "<group>"; };
		DAE93C142577465A00EA8447 /* CategoryViewCell.swift */ = {isa = PBXFileReference; lastKnownFileType = sourcecode.swift; path = CategoryViewCell.swift; sourceTree = "<group>"; };
/* End PBXFileReference section */

/* Begin PBXFrameworksBuildPhase section */
		DA22AF032573C004004B33A7 /* Frameworks */ = {
			isa = PBXFrameworksBuildPhase;
			buildActionMask = 2147483647;
			files = (
			);
			runOnlyForDeploymentPostprocessing = 0;
		};
/* End PBXFrameworksBuildPhase section */

/* Begin PBXGroup section */
		DA22AEFD2573C004004B33A7 = {
			isa = PBXGroup;
			children = (
				DAC7AF42257579F500172C6D /* Default-568h@2x.png */,
				DA22AF082573C005004B33A7 /* Todoey */,
				DA22AF072573C005004B33A7 /* Products */,
			);
			sourceTree = "<group>";
		};
		DA22AF072573C005004B33A7 /* Products */ = {
			isa = PBXGroup;
			children = (
				DA22AF062573C005004B33A7 /* Todoey.app */,
			);
			name = Products;
			sourceTree = "<group>";
		};
		DA22AF082573C005004B33A7 /* Todoey */ = {
			isa = PBXGroup;
			children = (
				DAC7AF4425757AA800172C6D /* Info.plist */,
				DA22AF202573CBC1004B33A7 /* Model */,
				DA22AF1D2573C8AC004B33A7 /* View */,
				DA22AF092573C005004B33A7 /* AppDelegate.swift */,
				DA22AF0B2573C005004B33A7 /* SceneDelegate.swift */,
				DAE93C112577455300EA8447 /* Controller */,
				DA22AF0F2573C005004B33A7 /* Main.storyboard */,
				DA22AF122573C008004B33A7 /* Assets.xcassets */,
				DA22AF142573C008004B33A7 /* LaunchScreen.storyboard */,
			);
			path = Todoey;
			sourceTree = "<group>";
		};
		DA22AF1D2573C8AC004B33A7 /* View */ = {
			isa = PBXGroup;
			children = (
				DA22AF1E2573C8CE004B33A7 /* ToDoItemCell.swift */,
				DAE93C142577465A00EA8447 /* CategoryViewCell.swift */,
			);
			path = View;
			sourceTree = "<group>";
		};
		DA22AF202573CBC1004B33A7 /* Model */ = {
			isa = PBXGroup;
			children = (
				DA4173E9257564D100E560B4 /* TodoeyCoreData.xcdatamodeld */,
			);
			path = Model;
			sourceTree = "<group>";
		};
		DAE93C112577455300EA8447 /* Controller */ = {
			isa = PBXGroup;
			children = (
				DA22AF0D2573C005004B33A7 /* ToDoListViewController.swift */,
				DAE93C12257745C200EA8447 /* CategoryViewController.swift */,
			);
			path = Controller;
			sourceTree = "<group>";
		};
/* End PBXGroup section */

/* Begin PBXNativeTarget section */
		DA22AF052573C004004B33A7 /* Todoey */ = {
			isa = PBXNativeTarget;
			buildConfigurationList = DA22AF1A2573C008004B33A7 /* Build configuration list for PBXNativeTarget "Todoey" */;
			buildPhases = (
				DA22AF022573C004004B33A7 /* Sources */,
				DA22AF032573C004004B33A7 /* Frameworks */,
				DA22AF042573C004004B33A7 /* Resources */,
			);
			buildRules = (
			);
			dependencies = (
			);
			name = Todoey;
			productName = "Todoey-NSCoder";
			productReference = DA22AF062573C005004B33A7 /* Todoey.app */;
			productType = "com.apple.product-type.application";
		};
/* End PBXNativeTarget section */

/* Begin PBXProject section */
		DA22AEFE2573C004004B33A7 /* Project object */ = {
			isa = PBXProject;
			attributes = {
				LastSwiftUpdateCheck = 1140;
				LastUpgradeCheck = 1140;
				ORGANIZATIONNAME = "Amit Chaudhary";
				TargetAttributes = {
					DA22AF052573C004004B33A7 = {
						CreatedOnToolsVersion = 11.4.1;
					};
				};
			};
			buildConfigurationList = DA22AF012573C004004B33A7 /* Build configuration list for PBXProject "Todoey" */;
			compatibilityVersion = "Xcode 9.3";
			developmentRegion = en;
			hasScannedForEncodings = 0;
			knownRegions = (
				en,
				Base,
			);
			mainGroup = DA22AEFD2573C004004B33A7;
			productRefGroup = DA22AF072573C005004B33A7 /* Products */;
			projectDirPath = "";
			projectRoot = "";
			targets = (
				DA22AF052573C004004B33A7 /* Todoey */,
			);
		};
/* End PBXProject section */

/* Begin PBXResourcesBuildPhase section */
		DA22AF042573C004004B33A7 /* Resources */ = {
			isa = PBXResourcesBuildPhase;
			buildActionMask = 2147483647;
			files = (
				DA22AF162573C008004B33A7 /* LaunchScreen.storyboard in Resources */,
				DAC7AF43257579F500172C6D /* Default-568h@2x.png in Resources */,
				DA22AF132573C008004B33A7 /* Assets.xcassets in Resources */,
				DA22AF112573C005004B33A7 /* Main.storyboard in Resources */,
			);
			runOnlyForDeploymentPostprocessing = 0;
		};
/* End PBXResourcesBuildPhase section */

/* Begin PBXSourcesBuildPhase section */
		DA22AF022573C004004B33A7 /* Sources */ = {
			isa = PBXSourcesBuildPhase;
			buildActionMask = 2147483647;
			files = (
				DA22AF0E2573C005004B33A7 /* ToDoListViewController.swift in Sources */,
				DA4173EB257564D100E560B4 /* TodoeyCoreData.xcdatamodeld in Sources */,
				DA22AF0A2573C005004B33A7 /* AppDelegate.swift in Sources */,
				DA22AF1F2573C8CE004B33A7 /* ToDoItemCell.swift in Sources */,
				DAE93C13257745C200EA8447 /* CategoryViewController.swift in Sources */,
				DA22AF0C2573C005004B33A7 /* SceneDelegate.swift in Sources */,
				DAE93C152577465A00EA8447 /* CategoryViewCell.swift in Sources */,
			);
			runOnlyForDeploymentPostprocessing = 0;
		};
/* End PBXSourcesBuildPhase section */

/* Begin PBXVariantGroup section */
		DA22AF0F2573C005004B33A7 /* Main.storyboard */ = {
			isa = PBXVariantGroup;
			children = (
				DA22AF102573C005004B33A7 /* Base */,
			);
			name = Main.storyboard;
			sourceTree = "<group>";
		};
		DA22AF142573C008004B33A7 /* LaunchScreen.storyboard */ = {
			isa = PBXVariantGroup;
			children = (
				DA22AF152573C008004B33A7 /* Base */,
			);
			name = LaunchScreen.storyboard;
			sourceTree = "<group>";
		};
/* End PBXVariantGroup section */

/* Begin XCBuildConfiguration section */
		DA22AF182573C008004B33A7 /* Debug */ = {
			isa = XCBuildConfiguration;
			buildSettings = {
				ALWAYS_SEARCH_USER_PATHS = NO;
				CLANG_ANALYZER_NONNULL = YES;
				CLANG_ANALYZER_NUMBER_OBJECT_CONVERSION = YES_AGGRESSIVE;
				CLANG_CXX_LANGUAGE_STANDARD = "gnu++14";
				CLANG_CXX_LIBRARY = "libc++";
				CLANG_ENABLE_MODULES = YES;
				CLANG_ENABLE_OBJC_ARC = YES;
				CLANG_ENABLE_OBJC_WEAK = YES;
				CLANG_WARN_BLOCK_CAPTURE_AUTORELEASING = YES;
				CLANG_WARN_BOOL_CONVERSION = YES;
				CLANG_WARN_COMMA = YES;
				CLANG_WARN_CONSTANT_CONVERSION = YES;
				CLANG_WARN_DEPRECATED_OBJC_IMPLEMENTATIONS = YES;
				CLANG_WARN_DIRECT_OBJC_ISA_USAGE = YES_ERROR;
				CLANG_WARN_DOCUMENTATION_COMMENTS = YES;
				CLANG_WARN_EMPTY_BODY = YES;
				CLANG_WARN_ENUM_CONVERSION = YES;
				CLANG_WARN_INFINITE_RECURSION = YES;
				CLANG_WARN_INT_CONVERSION = YES;
				CLANG_WARN_NON_LITERAL_NULL_CONVERSION = YES;
				CLANG_WARN_OBJC_IMPLICIT_RETAIN_SELF = YES;
				CLANG_WARN_OBJC_LITERAL_CONVERSION = YES;
				CLANG_WARN_OBJC_ROOT_CLASS = YES_ERROR;
				CLANG_WARN_RANGE_LOOP_ANALYSIS = YES;
				CLANG_WARN_STRICT_PROTOTYPES = YES;
				CLANG_WARN_SUSPICIOUS_MOVE = YES;
				CLANG_WARN_UNGUARDED_AVAILABILITY = YES_AGGRESSIVE;
				CLANG_WARN_UNREACHABLE_CODE = YES;
				CLANG_WARN__DUPLICATE_METHOD_MATCH = YES;
				COPY_PHASE_STRIP = NO;
				DEBUG_INFORMATION_FORMAT = dwarf;
				ENABLE_STRICT_OBJC_MSGSEND = YES;
				ENABLE_TESTABILITY = YES;
				GCC_C_LANGUAGE_STANDARD = gnu11;
				GCC_DYNAMIC_NO_PIC = NO;
				GCC_NO_COMMON_BLOCKS = YES;
				GCC_OPTIMIZATION_LEVEL = 0;
				GCC_PREPROCESSOR_DEFINITIONS = (
					"DEBUG=1",
					"$(inherited)",
				);
				GCC_WARN_64_TO_32_BIT_CONVERSION = YES;
				GCC_WARN_ABOUT_RETURN_TYPE = YES_ERROR;
				GCC_WARN_UNDECLARED_SELECTOR = YES;
				GCC_WARN_UNINITIALIZED_AUTOS = YES_AGGRESSIVE;
				GCC_WARN_UNUSED_FUNCTION = YES;
				GCC_WARN_UNUSED_VARIABLE = YES;
				IPHONEOS_DEPLOYMENT_TARGET = 13.4;
				MTL_ENABLE_DEBUG_INFO = INCLUDE_SOURCE;
				MTL_FAST_MATH = YES;
				ONLY_ACTIVE_ARCH = YES;
				SDKROOT = iphoneos;
				SWIFT_ACTIVE_COMPILATION_CONDITIONS = DEBUG;
				SWIFT_OPTIMIZATION_LEVEL = "-Onone";
			};
			name = Debug;
		};
		DA22AF192573C008004B33A7 /* Release */ = {
			isa = XCBuildConfiguration;
			buildSettings = {
				ALWAYS_SEARCH_USER_PATHS = NO;
				CLANG_ANALYZER_NONNULL = YES;
				CLANG_ANALYZER_NUMBER_OBJECT_CONVERSION = YES_AGGRESSIVE;
				CLANG_CXX_LANGUAGE_STANDARD = "gnu++14";
				CLANG_CXX_LIBRARY = "libc++";
				CLANG_ENABLE_MODULES = YES;
				CLANG_ENABLE_OBJC_ARC = YES;
				CLANG_ENABLE_OBJC_WEAK = YES;
				CLANG_WARN_BLOCK_CAPTURE_AUTORELEASING = YES;
				CLANG_WARN_BOOL_CONVERSION = YES;
				CLANG_WARN_COMMA = YES;
				CLANG_WARN_CONSTANT_CONVERSION = YES;
				CLANG_WARN_DEPRECATED_OBJC_IMPLEMENTATIONS = YES;
				CLANG_WARN_DIRECT_OBJC_ISA_USAGE = YES_ERROR;
				CLANG_WARN_DOCUMENTATION_COMMENTS = YES;
				CLANG_WARN_EMPTY_BODY = YES;
				CLANG_WARN_ENUM_CONVERSION = YES;
				CLANG_WARN_INFINITE_RECURSION = YES;
				CLANG_WARN_INT_CONVERSION = YES;
				CLANG_WARN_NON_LITERAL_NULL_CONVERSION = YES;
				CLANG_WARN_OBJC_IMPLICIT_RETAIN_SELF = YES;
				CLANG_WARN_OBJC_LITERAL_CONVERSION = YES;
				CLANG_WARN_OBJC_ROOT_CLASS = YES_ERROR;
				CLANG_WARN_RANGE_LOOP_ANALYSIS = YES;
				CLANG_WARN_STRICT_PROTOTYPES = YES;
				CLANG_WARN_SUSPICIOUS_MOVE = YES;
				CLANG_WARN_UNGUARDED_AVAILABILITY = YES_AGGRESSIVE;
				CLANG_WARN_UNREACHABLE_CODE = YES;
				CLANG_WARN__DUPLICATE_METHOD_MATCH = YES;
				COPY_PHASE_STRIP = NO;
				DEBUG_INFORMATION_FORMAT = "dwarf-with-dsym";
				ENABLE_NS_ASSERTIONS = NO;
				ENABLE_STRICT_OBJC_MSGSEND = YES;
				GCC_C_LANGUAGE_STANDARD = gnu11;
				GCC_NO_COMMON_BLOCKS = YES;
				GCC_WARN_64_TO_32_BIT_CONVERSION = YES;
				GCC_WARN_ABOUT_RETURN_TYPE = YES_ERROR;
				GCC_WARN_UNDECLARED_SELECTOR = YES;
				GCC_WARN_UNINITIALIZED_AUTOS = YES_AGGRESSIVE;
				GCC_WARN_UNUSED_FUNCTION = YES;
				GCC_WARN_UNUSED_VARIABLE = YES;
				IPHONEOS_DEPLOYMENT_TARGET = 13.4;
				MTL_ENABLE_DEBUG_INFO = NO;
				MTL_FAST_MATH = YES;
				SDKROOT = iphoneos;
				SWIFT_COMPILATION_MODE = wholemodule;
				SWIFT_OPTIMIZATION_LEVEL = "-O";
				VALIDATE_PRODUCT = YES;
			};
			name = Release;
		};
		DA22AF1B2573C008004B33A7 /* Debug */ = {
			isa = XCBuildConfiguration;
			buildSettings = {
				ASSETCATALOG_COMPILER_APPICON_NAME = AppIcon;
				CODE_SIGN_STYLE = Automatic;
				DEVELOPMENT_TEAM = 3Y8AYV8D5R;
				INFOPLIST_FILE = Todoey/Info.plist;
				LD_RUNPATH_SEARCH_PATHS = (
					"$(inherited)",
					"@executable_path/Frameworks",
				);
				PRODUCT_BUNDLE_IDENTIFIER = "com.2020.Todoey-NSCoder";
				PRODUCT_NAME = "$(TARGET_NAME)";
				SWIFT_VERSION = 5.0;
				TARGETED_DEVICE_FAMILY = "1,2";
			};
			name = Debug;
		};
		DA22AF1C2573C008004B33A7 /* Release */ = {
			isa = XCBuildConfiguration;
			buildSettings = {
				ASSETCATALOG_COMPILER_APPICON_NAME = AppIcon;
				CODE_SIGN_STYLE = Automatic;
				DEVELOPMENT_TEAM = 3Y8AYV8D5R;
				INFOPLIST_FILE = Todoey/Info.plist;
				LD_RUNPATH_SEARCH_PATHS = (
					"$(inherited)",
					"@executable_path/Frameworks",
				);
				PRODUCT_BUNDLE_IDENTIFIER = "com.2020.Todoey-NSCoder";
				PRODUCT_NAME = "$(TARGET_NAME)";
				SWIFT_VERSION = 5.0;
				TARGETED_DEVICE_FAMILY = "1,2";
			};
			name = Release;
		};
/* End XCBuildConfiguration section */

/* Begin XCConfigurationList section */
		DA22AF012573C004004B33A7 /* Build configuration list for PBXProject "Todoey" */ = {
			isa = XCConfigurationList;
			buildConfigurations = (
				DA22AF182573C008004B33A7 /* Debug */,
				DA22AF192573C008004B33A7 /* Release */,
			);
			defaultConfigurationIsVisible = 0;
			defaultConfigurationName = Release;
		};
		DA22AF1A2573C008004B33A7 /* Build configuration list for PBXNativeTarget "Todoey" */ = {
			isa = XCConfigurationList;
			buildConfigurations = (
				DA22AF1B2573C008004B33A7 /* Debug */,
				DA22AF1C2573C008004B33A7 /* Release */,
			);
			defaultConfigurationIsVisible = 0;
			defaultConfigurationName = Release;
		};
/* End XCConfigurationList section */

/* Begin XCVersionGroup section */
		DA4173E9257564D100E560B4 /* TodoeyCoreData.xcdatamodeld */ = {
			isa = XCVersionGroup;
			children = (
				DA4173EA257564D100E560B4 /* TodoeyCoreData.xcdatamodel */,
			);
			currentVersion = DA4173EA257564D100E560B4 /* TodoeyCoreData.xcdatamodel */;
			path = TodoeyCoreData.xcdatamodeld;
			sourceTree = "<group>";
			versionGroupType = wrapper.xcdatamodel;
		};
/* End XCVersionGroup section */
	};
	rootObject = DA22AEFE2573C004004B33A7 /* Project object */;
}
